// !$*UTF8*$!
{
	archiveVersion = 1;
	classes = {
	};
	objectVersion = 51;
	objects = {

/* Begin PBXBuildFile section */
		4180D91AAC91972A569755F2 /* Pods_single_view_demo.framework in Frameworks */ = {isa = PBXBuildFile; fileRef = D976B3F6CC201D4D378DB31E /* Pods_single_view_demo.framework */; };
		5D5B934A1E4CF828C2837C21 /* AppDelegate.m in Sources */ = {isa = PBXBuildFile; fileRef = 5D5B93158B28DD83CDA028F0 /* AppDelegate.m */; };
		5D5B99210521DF24A95C9DBF /* MovieViewModel.m in Sources */ = {isa = PBXBuildFile; fileRef = 5D5B9C718E7776178F2F15CD /* MovieViewModel.m */; };
		5D5B9A7919D89B330B91330E /* ForgetPasswordViewController.m in Sources */ = {isa = PBXBuildFile; fileRef = 5D5B92DEAF742E112EC71A14 /* ForgetPasswordViewController.m */; };
		5D5B9F4E65B565258082C412 /* Movie.m in Sources */ = {isa = PBXBuildFile; fileRef = 5D5B92E572EC56F5453FE04D /* Movie.m */; };
		6205A6732420DF2D008A502D /* SceneDelegate.m in Sources */ = {isa = PBXBuildFile; fileRef = 6205A6722420DF2D008A502D /* SceneDelegate.m */; };
		6205A6762420DF2D008A502D /* ViewController.m in Sources */ = {isa = PBXBuildFile; fileRef = 6205A6752420DF2D008A502D /* ViewController.m */; };
		6205A6792420DF2D008A502D /* Main.storyboard in Resources */ = {isa = PBXBuildFile; fileRef = 6205A6772420DF2D008A502D /* Main.storyboard */; };
		6205A67B2420DF2E008A502D /* Assets.xcassets in Resources */ = {isa = PBXBuildFile; fileRef = 6205A67A2420DF2E008A502D /* Assets.xcassets */; };
		6205A67E2420DF2E008A502D /* LaunchScreen.storyboard in Resources */ = {isa = PBXBuildFile; fileRef = 6205A67C2420DF2E008A502D /* LaunchScreen.storyboard */; };
		6205A6812420DF2E008A502D /* main.m in Sources */ = {isa = PBXBuildFile; fileRef = 6205A6802420DF2E008A502D /* main.m */; };
		6205A68B2420DF2F008A502D /* single_view_demoTests.m in Sources */ = {isa = PBXBuildFile; fileRef = 6205A68A2420DF2F008A502D /* single_view_demoTests.m */; };
		6205A6962420DF2F008A502D /* single_view_demoUITests.m in Sources */ = {isa = PBXBuildFile; fileRef = 6205A6952420DF2F008A502D /* single_view_demoUITests.m */; };
		627D361624275D2000B8DCEB /* MovieListViewController.m in Sources */ = {isa = PBXBuildFile; fileRef = 627D361524275D2000B8DCEB /* MovieListViewController.m */; };
		627D3619242788CF00B8DCEB /* MovieTableViewCell.m in Sources */ = {isa = PBXBuildFile; fileRef = 627D3618242788CF00B8DCEB /* MovieTableViewCell.m */; };
		62F6F6E2242295E800B7D820 /* RegisterAccountViewController.m in Sources */ = {isa = PBXBuildFile; fileRef = 62F6F6E1242295E800B7D820 /* RegisterAccountViewController.m */; };
		D3607F2DFF48A418AEA61769 /* Pods_single_view_demoTests.framework in Frameworks */ = {isa = PBXBuildFile; fileRef = 27E11AC35AD628EE0628E798 /* Pods_single_view_demoTests.framework */; };
		E5C47A2F0A202324FCF6C8D5 /* Pods_single_view_demo_single_view_demoUITests.framework in Frameworks */ = {isa = PBXBuildFile; fileRef = 5511F886F0CA2F9CC270566B /* Pods_single_view_demo_single_view_demoUITests.framework */; };
/* End PBXBuildFile section */

/* Begin PBXContainerItemProxy section */
		6205A6872420DF2F008A502D /* PBXContainerItemProxy */ = {
			isa = PBXContainerItemProxy;
			containerPortal = 6205A6632420DF2D008A502D /* Project object */;
			proxyType = 1;
			remoteGlobalIDString = 6205A66A2420DF2D008A502D;
			remoteInfo = "single-view-demo";
		};
		6205A6922420DF2F008A502D /* PBXContainerItemProxy */ = {
			isa = PBXContainerItemProxy;
			containerPortal = 6205A6632420DF2D008A502D /* Project object */;
			proxyType = 1;
			remoteGlobalIDString = 6205A66A2420DF2D008A502D;
			remoteInfo = "single-view-demo";
		};
/* End PBXContainerItemProxy section */

/* Begin PBXFileReference section */
		27E11AC35AD628EE0628E798 /* Pods_single_view_demoTests.framework */ = {isa = PBXFileReference; explicitFileType = wrapper.framework; includeInIndex = 0; path = Pods_single_view_demoTests.framework; sourceTree = BUILT_PRODUCTS_DIR; };
		324E6695D5D3EEB5274F0CBD /* Pods-single-view-demo-single-view-demoUITests.debug.xcconfig */ = {isa = PBXFileReference; includeInIndex = 1; lastKnownFileType = text.xcconfig; name = "Pods-single-view-demo-single-view-demoUITests.debug.xcconfig"; path = "Target Support Files/Pods-single-view-demo-single-view-demoUITests/Pods-single-view-demo-single-view-demoUITests.debug.xcconfig"; sourceTree = "<group>"; };
		3596D09C1704D7405B57394A /* Pods-single-view-demo.release.xcconfig */ = {isa = PBXFileReference; includeInIndex = 1; lastKnownFileType = text.xcconfig; name = "Pods-single-view-demo.release.xcconfig"; path = "Target Support Files/Pods-single-view-demo/Pods-single-view-demo.release.xcconfig"; sourceTree = "<group>"; };
		5511F886F0CA2F9CC270566B /* Pods_single_view_demo_single_view_demoUITests.framework */ = {isa = PBXFileReference; explicitFileType = wrapper.framework; includeInIndex = 0; path = Pods_single_view_demo_single_view_demoUITests.framework; sourceTree = BUILT_PRODUCTS_DIR; };
		5D5B92DEAF742E112EC71A14 /* ForgetPasswordViewController.m */ = {isa = PBXFileReference; fileEncoding = 4; lastKnownFileType = sourcecode.c.objc; path = ForgetPasswordViewController.m; sourceTree = "<group>"; };
		5D5B92E572EC56F5453FE04D /* Movie.m */ = {isa = PBXFileReference; fileEncoding = 4; lastKnownFileType = sourcecode.c.objc; path = Movie.m; sourceTree = "<group>"; };
		5D5B93158B28DD83CDA028F0 /* AppDelegate.m */ = {isa = PBXFileReference; fileEncoding = 4; lastKnownFileType = sourcecode.c.objc; path = AppDelegate.m; sourceTree = "<group>"; };
		5D5B9696C50A14AEB2249C69 /* ForgetPasswordViewController.h */ = {isa = PBXFileReference; fileEncoding = 4; lastKnownFileType = sourcecode.c.h; path = ForgetPasswordViewController.h; sourceTree = "<group>"; };
		5D5B9C718E7776178F2F15CD /* MovieViewModel.m */ = {isa = PBXFileReference; fileEncoding = 4; lastKnownFileType = sourcecode.c.objc; path = MovieViewModel.m; sourceTree = "<group>"; };
		5D5B9C7591A48469DB2B4151 /* Movie.h */ = {isa = PBXFileReference; fileEncoding = 4; lastKnownFileType = sourcecode.c.h; path = Movie.h; sourceTree = "<group>"; };
		5D5B9E50E5D6360E8B26525F /* MovieViewModel.h */ = {isa = PBXFileReference; fileEncoding = 4; lastKnownFileType = sourcecode.c.h; path = MovieViewModel.h; sourceTree = "<group>"; };
		5D5B9EF9367D9B6DE4E0C04D /* AppDelegate.h */ = {isa = PBXFileReference; fileEncoding = 4; lastKnownFileType = sourcecode.c.h; path = AppDelegate.h; sourceTree = "<group>"; };
		6205A66B2420DF2D008A502D /* single-view-demo.app */ = {isa = PBXFileReference; explicitFileType = wrapper.application; includeInIndex = 0; path = "single-view-demo.app"; sourceTree = BUILT_PRODUCTS_DIR; };
		6205A6712420DF2D008A502D /* SceneDelegate.h */ = {isa = PBXFileReference; lastKnownFileType = sourcecode.c.h; path = SceneDelegate.h; sourceTree = "<group>"; };
		6205A6722420DF2D008A502D /* SceneDelegate.m */ = {isa = PBXFileReference; lastKnownFileType = sourcecode.c.objc; path = SceneDelegate.m; sourceTree = "<group>"; };
		6205A6742420DF2D008A502D /* ViewController.h */ = {isa = PBXFileReference; lastKnownFileType = sourcecode.c.h; path = ViewController.h; sourceTree = "<group>"; };
		6205A6752420DF2D008A502D /* ViewController.m */ = {isa = PBXFileReference; lastKnownFileType = sourcecode.c.objc; path = ViewController.m; sourceTree = "<group>"; };
		6205A6782420DF2D008A502D /* Base */ = {isa = PBXFileReference; lastKnownFileType = file.storyboard; name = Base; path = Base.lproj/Main.storyboard; sourceTree = "<group>"; };
		6205A67A2420DF2E008A502D /* Assets.xcassets */ = {isa = PBXFileReference; lastKnownFileType = folder.assetcatalog; path = Assets.xcassets; sourceTree = "<group>"; };
		6205A67D2420DF2E008A502D /* Base */ = {isa = PBXFileReference; lastKnownFileType = file.storyboard; name = Base; path = Base.lproj/LaunchScreen.storyboard; sourceTree = "<group>"; };
		6205A67F2420DF2E008A502D /* Info.plist */ = {isa = PBXFileReference; lastKnownFileType = text.plist.xml; path = Info.plist; sourceTree = "<group>"; };
		6205A6802420DF2E008A502D /* main.m */ = {isa = PBXFileReference; lastKnownFileType = sourcecode.c.objc; path = main.m; sourceTree = "<group>"; };
		6205A6862420DF2F008A502D /* single-view-demoTests.xctest */ = {isa = PBXFileReference; explicitFileType = wrapper.cfbundle; includeInIndex = 0; path = "single-view-demoTests.xctest"; sourceTree = BUILT_PRODUCTS_DIR; };
		6205A68A2420DF2F008A502D /* single_view_demoTests.m */ = {isa = PBXFileReference; lastKnownFileType = sourcecode.c.objc; path = single_view_demoTests.m; sourceTree = "<group>"; };
		6205A68C2420DF2F008A502D /* Info.plist */ = {isa = PBXFileReference; lastKnownFileType = text.plist.xml; path = Info.plist; sourceTree = "<group>"; };
		6205A6912420DF2F008A502D /* single-view-demoUITests.xctest */ = {isa = PBXFileReference; explicitFileType = wrapper.cfbundle; includeInIndex = 0; path = "single-view-demoUITests.xctest"; sourceTree = BUILT_PRODUCTS_DIR; };
		6205A6952420DF2F008A502D /* single_view_demoUITests.m */ = {isa = PBXFileReference; lastKnownFileType = sourcecode.c.objc; path = single_view_demoUITests.m; sourceTree = "<group>"; };
		6205A6972420DF2F008A502D /* Info.plist */ = {isa = PBXFileReference; lastKnownFileType = text.plist.xml; path = Info.plist; sourceTree = "<group>"; };
		627D361424275D2000B8DCEB /* MovieListViewController.h */ = {isa = PBXFileReference; lastKnownFileType = sourcecode.c.h; path = MovieListViewController.h; sourceTree = "<group>"; };
		627D361524275D2000B8DCEB /* MovieListViewController.m */ = {isa = PBXFileReference; lastKnownFileType = sourcecode.c.objc; path = MovieListViewController.m; sourceTree = "<group>"; };
		627D3617242788CF00B8DCEB /* MovieTableViewCell.h */ = {isa = PBXFileReference; lastKnownFileType = sourcecode.c.h; path = MovieTableViewCell.h; sourceTree = "<group>"; };
		627D3618242788CF00B8DCEB /* MovieTableViewCell.m */ = {isa = PBXFileReference; lastKnownFileType = sourcecode.c.objc; path = MovieTableViewCell.m; sourceTree = "<group>"; };
		62F6F6E0242295E800B7D820 /* RegisterAccountViewController.h */ = {isa = PBXFileReference; lastKnownFileType = sourcecode.c.h; path = RegisterAccountViewController.h; sourceTree = "<group>"; };
		62F6F6E1242295E800B7D820 /* RegisterAccountViewController.m */ = {isa = PBXFileReference; lastKnownFileType = sourcecode.c.objc; path = RegisterAccountViewController.m; sourceTree = "<group>"; };
		7426F085654F46C4FF3464EA /* Pods-single-view-demo-single-view-demoUITests.release.xcconfig */ = {isa = PBXFileReference; includeInIndex = 1; lastKnownFileType = text.xcconfig; name = "Pods-single-view-demo-single-view-demoUITests.release.xcconfig"; path = "Target Support Files/Pods-single-view-demo-single-view-demoUITests/Pods-single-view-demo-single-view-demoUITests.release.xcconfig"; sourceTree = "<group>"; };
		9E326BEF731810C913CC5BEB /* Pods-single-view-demoTests.debug.xcconfig */ = {isa = PBXFileReference; includeInIndex = 1; lastKnownFileType = text.xcconfig; name = "Pods-single-view-demoTests.debug.xcconfig"; path = "Target Support Files/Pods-single-view-demoTests/Pods-single-view-demoTests.debug.xcconfig"; sourceTree = "<group>"; };
		D976B3F6CC201D4D378DB31E /* Pods_single_view_demo.framework */ = {isa = PBXFileReference; explicitFileType = wrapper.framework; includeInIndex = 0; path = Pods_single_view_demo.framework; sourceTree = BUILT_PRODUCTS_DIR; };
		E42E3434DEA6CF6526347CA7 /* Pods-single-view-demoTests.release.xcconfig */ = {isa = PBXFileReference; includeInIndex = 1; lastKnownFileType = text.xcconfig; name = "Pods-single-view-demoTests.release.xcconfig"; path = "Target Support Files/Pods-single-view-demoTests/Pods-single-view-demoTests.release.xcconfig"; sourceTree = "<group>"; };
		E7A0B805735D8F80457CD071 /* Pods-single-view-demo.debug.xcconfig */ = {isa = PBXFileReference; includeInIndex = 1; lastKnownFileType = text.xcconfig; name = "Pods-single-view-demo.debug.xcconfig"; path = "Target Support Files/Pods-single-view-demo/Pods-single-view-demo.debug.xcconfig"; sourceTree = "<group>"; };
/* End PBXFileReference section */

/* Begin PBXFrameworksBuildPhase section */
		6205A6682420DF2D008A502D /* Frameworks */ = {
			isa = PBXFrameworksBuildPhase;
			buildActionMask = 2147483647;
			files = (
				4180D91AAC91972A569755F2 /* Pods_single_view_demo.framework in Frameworks */,
			);
			runOnlyForDeploymentPostprocessing = 0;
		};
		6205A6832420DF2F008A502D /* Frameworks */ = {
			isa = PBXFrameworksBuildPhase;
			buildActionMask = 2147483647;
			files = (
				D3607F2DFF48A418AEA61769 /* Pods_single_view_demoTests.framework in Frameworks */,
			);
			runOnlyForDeploymentPostprocessing = 0;
		};
		6205A68E2420DF2F008A502D /* Frameworks */ = {
			isa = PBXFrameworksBuildPhase;
			buildActionMask = 2147483647;
			files = (
				E5C47A2F0A202324FCF6C8D5 /* Pods_single_view_demo_single_view_demoUITests.framework in Frameworks */,
			);
			runOnlyForDeploymentPostprocessing = 0;
		};
/* End PBXFrameworksBuildPhase section */

/* Begin PBXGroup section */
		5D5B9196D3222F0E9BBFBD4F /* ForgetPassword */ = {
			isa = PBXGroup;
			children = (
				5D5B9696C50A14AEB2249C69 /* ForgetPasswordViewController.h */,
				5D5B92DEAF742E112EC71A14 /* ForgetPasswordViewController.m */,
			);
			path = ForgetPassword;
			sourceTree = "<group>";
		};
		5D5B939CFD1B7641FC18D8DF /* MovieList */ = {
			isa = PBXGroup;
			children = (
				627D361424275D2000B8DCEB /* MovieListViewController.h */,
				627D361524275D2000B8DCEB /* MovieListViewController.m */,
				5D5B9C718E7776178F2F15CD /* MovieViewModel.m */,
				5D5B9E50E5D6360E8B26525F /* MovieViewModel.h */,
				5D5B92E572EC56F5453FE04D /* Movie.m */,
				5D5B9C7591A48469DB2B4151 /* Movie.h */,
				627D3617242788CF00B8DCEB /* MovieTableViewCell.h */,
				627D3618242788CF00B8DCEB /* MovieTableViewCell.m */,
			);
			path = MovieList;
			sourceTree = "<group>";
		};
		5D5B98868E42248D2537CC1D /* RegisterAccount */ = {
			isa = PBXGroup;
			children = (
				62F6F6E0242295E800B7D820 /* RegisterAccountViewController.h */,
				62F6F6E1242295E800B7D820 /* RegisterAccountViewController.m */,
			);
			path = RegisterAccount;
			sourceTree = "<group>";
		};
		6205A6622420DF2D008A502D = {
			isa = PBXGroup;
			children = (
				6205A66D2420DF2D008A502D /* single-view-demo */,
				6205A6892420DF2F008A502D /* single-view-demoTests */,
				6205A6942420DF2F008A502D /* single-view-demoUITests */,
				6205A66C2420DF2D008A502D /* Products */,
				D7E7850291D92A068C0CC981 /* Pods */,
				AFBB789A4F552FF92573F855 /* Frameworks */,
			);
			sourceTree = "<group>";
		};
		6205A66C2420DF2D008A502D /* Products */ = {
			isa = PBXGroup;
			children = (
				6205A66B2420DF2D008A502D /* single-view-demo.app */,
				6205A6862420DF2F008A502D /* single-view-demoTests.xctest */,
				6205A6912420DF2F008A502D /* single-view-demoUITests.xctest */,
			);
			name = Products;
			sourceTree = "<group>";
		};
		6205A66D2420DF2D008A502D /* single-view-demo */ = {
			isa = PBXGroup;
			children = (
				6205A6712420DF2D008A502D /* SceneDelegate.h */,
				6205A6722420DF2D008A502D /* SceneDelegate.m */,
				6205A6742420DF2D008A502D /* ViewController.h */,
				6205A6752420DF2D008A502D /* ViewController.m */,
				6205A6772420DF2D008A502D /* Main.storyboard */,
				6205A67A2420DF2E008A502D /* Assets.xcassets */,
				6205A67C2420DF2E008A502D /* LaunchScreen.storyboard */,
				6205A67F2420DF2E008A502D /* Info.plist */,
				6205A6802420DF2E008A502D /* main.m */,
				5D5B9196D3222F0E9BBFBD4F /* ForgetPassword */,
				5D5B9EF9367D9B6DE4E0C04D /* AppDelegate.h */,
				5D5B93158B28DD83CDA028F0 /* AppDelegate.m */,
				5D5B98868E42248D2537CC1D /* RegisterAccount */,
				5D5B939CFD1B7641FC18D8DF /* MovieList */,
			);
			path = "single-view-demo";
			sourceTree = "<group>";
		};
		6205A6892420DF2F008A502D /* single-view-demoTests */ = {
			isa = PBXGroup;
			children = (
				6205A68A2420DF2F008A502D /* single_view_demoTests.m */,
				6205A68C2420DF2F008A502D /* Info.plist */,
			);
			path = "single-view-demoTests";
			sourceTree = "<group>";
		};
		6205A6942420DF2F008A502D /* single-view-demoUITests */ = {
			isa = PBXGroup;
			children = (
				6205A6952420DF2F008A502D /* single_view_demoUITests.m */,
				6205A6972420DF2F008A502D /* Info.plist */,
			);
			path = "single-view-demoUITests";
			sourceTree = "<group>";
		};
		AFBB789A4F552FF92573F855 /* Frameworks */ = {
			isa = PBXGroup;
			children = (
				D976B3F6CC201D4D378DB31E /* Pods_single_view_demo.framework */,
				5511F886F0CA2F9CC270566B /* Pods_single_view_demo_single_view_demoUITests.framework */,
				27E11AC35AD628EE0628E798 /* Pods_single_view_demoTests.framework */,
			);
			name = Frameworks;
			sourceTree = "<group>";
		};
		D7E7850291D92A068C0CC981 /* Pods */ = {
			isa = PBXGroup;
			children = (
				E7A0B805735D8F80457CD071 /* Pods-single-view-demo.debug.xcconfig */,
				3596D09C1704D7405B57394A /* Pods-single-view-demo.release.xcconfig */,
				324E6695D5D3EEB5274F0CBD /* Pods-single-view-demo-single-view-demoUITests.debug.xcconfig */,
				7426F085654F46C4FF3464EA /* Pods-single-view-demo-single-view-demoUITests.release.xcconfig */,
				9E326BEF731810C913CC5BEB /* Pods-single-view-demoTests.debug.xcconfig */,
				E42E3434DEA6CF6526347CA7 /* Pods-single-view-demoTests.release.xcconfig */,
			);
			path = Pods;
			sourceTree = "<group>";
		};
/* End PBXGroup section */

/* Begin PBXNativeTarget section */
		6205A66A2420DF2D008A502D /* single-view-demo */ = {
			isa = PBXNativeTarget;
			buildConfigurationList = 6205A69A2420DF2F008A502D /* Build configuration list for PBXNativeTarget "single-view-demo" */;
			buildPhases = (
				70C80599E71ADC70DD40CA13 /* [CP] Check Pods Manifest.lock */,
				6205A6672420DF2D008A502D /* Sources */,
				6205A6682420DF2D008A502D /* Frameworks */,
				6205A6692420DF2D008A502D /* Resources */,
				72FCE1D4064EA3B0247D9108 /* [CP] Embed Pods Frameworks */,
			);
			buildRules = (
			);
			dependencies = (
			);
			name = "single-view-demo";
			productName = "single-view-demo";
			productReference = 6205A66B2420DF2D008A502D /* single-view-demo.app */;
			productType = "com.apple.product-type.application";
		};
		6205A6852420DF2F008A502D /* single-view-demoTests */ = {
			isa = PBXNativeTarget;
			buildConfigurationList = 6205A69D2420DF2F008A502D /* Build configuration list for PBXNativeTarget "single-view-demoTests" */;
			buildPhases = (
				1273614E82001F5F1F8684D9 /* [CP] Check Pods Manifest.lock */,
				6205A6822420DF2F008A502D /* Sources */,
				6205A6832420DF2F008A502D /* Frameworks */,
				6205A6842420DF2F008A502D /* Resources */,
			);
			buildRules = (
			);
			dependencies = (
				6205A6882420DF2F008A502D /* PBXTargetDependency */,
			);
			name = "single-view-demoTests";
			productName = "single-view-demoTests";
			productReference = 6205A6862420DF2F008A502D /* single-view-demoTests.xctest */;
			productType = "com.apple.product-type.bundle.unit-test";
		};
		6205A6902420DF2F008A502D /* single-view-demoUITests */ = {
			isa = PBXNativeTarget;
			buildConfigurationList = 6205A6A02420DF2F008A502D /* Build configuration list for PBXNativeTarget "single-view-demoUITests" */;
			buildPhases = (
				376BBFA44E5384E607D14DE6 /* [CP] Check Pods Manifest.lock */,
				6205A68D2420DF2F008A502D /* Sources */,
				6205A68E2420DF2F008A502D /* Frameworks */,
				6205A68F2420DF2F008A502D /* Resources */,
				2F60CB8CC9CF126F5595BABC /* [CP] Embed Pods Frameworks */,
			);
			buildRules = (
			);
			dependencies = (
				6205A6932420DF2F008A502D /* PBXTargetDependency */,
			);
			name = "single-view-demoUITests";
			productName = "single-view-demoUITests";
			productReference = 6205A6912420DF2F008A502D /* single-view-demoUITests.xctest */;
			productType = "com.apple.product-type.bundle.ui-testing";
		};
/* End PBXNativeTarget section */

/* Begin PBXProject section */
		6205A6632420DF2D008A502D /* Project object */ = {
			isa = PBXProject;
			attributes = {
				LastUpgradeCheck = 1130;
				ORGANIZATIONNAME = muyun;
				TargetAttributes = {
					6205A66A2420DF2D008A502D = {
						CreatedOnToolsVersion = 11.3.1;
					};
					6205A6852420DF2F008A502D = {
						CreatedOnToolsVersion = 11.3.1;
						TestTargetID = 6205A66A2420DF2D008A502D;
					};
					6205A6902420DF2F008A502D = {
						CreatedOnToolsVersion = 11.3.1;
						TestTargetID = 6205A66A2420DF2D008A502D;
					};
				};
			};
			buildConfigurationList = 6205A6662420DF2D008A502D /* Build configuration list for PBXProject "single-view-demo" */;
			compatibilityVersion = "Xcode 9.3";
			developmentRegion = en;
			hasScannedForEncodings = 0;
			knownRegions = (
				en,
				Base,
			);
			mainGroup = 6205A6622420DF2D008A502D;
			productRefGroup = 6205A66C2420DF2D008A502D /* Products */;
			projectDirPath = "";
			projectRoot = "";
			targets = (
				6205A66A2420DF2D008A502D /* single-view-demo */,
				6205A6852420DF2F008A502D /* single-view-demoTests */,
				6205A6902420DF2F008A502D /* single-view-demoUITests */,
			);
		};
/* End PBXProject section */

/* Begin PBXResourcesBuildPhase section */
		6205A6692420DF2D008A502D /* Resources */ = {
			isa = PBXResourcesBuildPhase;
			buildActionMask = 2147483647;
			files = (
				6205A67E2420DF2E008A502D /* LaunchScreen.storyboard in Resources */,
				6205A67B2420DF2E008A502D /* Assets.xcassets in Resources */,
				6205A6792420DF2D008A502D /* Main.storyboard in Resources */,
			);
			runOnlyForDeploymentPostprocessing = 0;
		};
		6205A6842420DF2F008A502D /* Resources */ = {
			isa = PBXResourcesBuildPhase;
			buildActionMask = 2147483647;
			files = (
			);
			runOnlyForDeploymentPostprocessing = 0;
		};
		6205A68F2420DF2F008A502D /* Resources */ = {
			isa = PBXResourcesBuildPhase;
			buildActionMask = 2147483647;
			files = (
			);
			runOnlyForDeploymentPostprocessing = 0;
		};
/* End PBXResourcesBuildPhase section */

/* Begin PBXShellScriptBuildPhase section */
		1273614E82001F5F1F8684D9 /* [CP] Check Pods Manifest.lock */ = {
			isa = PBXShellScriptBuildPhase;
			buildActionMask = 2147483647;
			files = (
			);
			inputFileListPaths = (
			);
			inputPaths = (
				"${PODS_PODFILE_DIR_PATH}/Podfile.lock",
				"${PODS_ROOT}/Manifest.lock",
			);
			name = "[CP] Check Pods Manifest.lock";
			outputFileListPaths = (
			);
			outputPaths = (
				"$(DERIVED_FILE_DIR)/Pods-single-view-demoTests-checkManifestLockResult.txt",
			);
			runOnlyForDeploymentPostprocessing = 0;
			shellPath = /bin/sh;
			shellScript = "diff \"${PODS_PODFILE_DIR_PATH}/Podfile.lock\" \"${PODS_ROOT}/Manifest.lock\" > /dev/null\nif [ $? != 0 ] ; then\n    # print error to STDERR\n    echo \"error: The sandbox is not in sync with the Podfile.lock. Run 'pod install' or update your CocoaPods installation.\" >&2\n    exit 1\nfi\n# This output is used by Xcode 'outputs' to avoid re-running this script phase.\necho \"SUCCESS\" > \"${SCRIPT_OUTPUT_FILE_0}\"\n";
			showEnvVarsInLog = 0;
		};
		2F60CB8CC9CF126F5595BABC /* [CP] Embed Pods Frameworks */ = {
			isa = PBXShellScriptBuildPhase;
			buildActionMask = 2147483647;
			files = (
			);
			inputFileListPaths = (
				"${PODS_ROOT}/Target Support Files/Pods-single-view-demo-single-view-demoUITests/Pods-single-view-demo-single-view-demoUITests-frameworks-${CONFIGURATION}-input-files.xcfilelist",
			);
			name = "[CP] Embed Pods Frameworks";
			outputFileListPaths = (
				"${PODS_ROOT}/Target Support Files/Pods-single-view-demo-single-view-demoUITests/Pods-single-view-demo-single-view-demoUITests-frameworks-${CONFIGURATION}-output-files.xcfilelist",
			);
			runOnlyForDeploymentPostprocessing = 0;
			shellPath = /bin/sh;
			shellScript = "\"${PODS_ROOT}/Target Support Files/Pods-single-view-demo-single-view-demoUITests/Pods-single-view-demo-single-view-demoUITests-frameworks.sh\"\n";
			showEnvVarsInLog = 0;
		};
		376BBFA44E5384E607D14DE6 /* [CP] Check Pods Manifest.lock */ = {
			isa = PBXShellScriptBuildPhase;
			buildActionMask = 2147483647;
			files = (
			);
			inputFileListPaths = (
			);
			inputPaths = (
				"${PODS_PODFILE_DIR_PATH}/Podfile.lock",
				"${PODS_ROOT}/Manifest.lock",
			);
			name = "[CP] Check Pods Manifest.lock";
			outputFileListPaths = (
			);
			outputPaths = (
				"$(DERIVED_FILE_DIR)/Pods-single-view-demo-single-view-demoUITests-checkManifestLockResult.txt",
			);
			runOnlyForDeploymentPostprocessing = 0;
			shellPath = /bin/sh;
			shellScript = "diff \"${PODS_PODFILE_DIR_PATH}/Podfile.lock\" \"${PODS_ROOT}/Manifest.lock\" > /dev/null\nif [ $? != 0 ] ; then\n    # print error to STDERR\n    echo \"error: The sandbox is not in sync with the Podfile.lock. Run 'pod install' or update your CocoaPods installation.\" >&2\n    exit 1\nfi\n# This output is used by Xcode 'outputs' to avoid re-running this script phase.\necho \"SUCCESS\" > \"${SCRIPT_OUTPUT_FILE_0}\"\n";
			showEnvVarsInLog = 0;
		};
		70C80599E71ADC70DD40CA13 /* [CP] Check Pods Manifest.lock */ = {
			isa = PBXShellScriptBuildPhase;
			buildActionMask = 2147483647;
			files = (
			);
			inputFileListPaths = (
			);
			inputPaths = (
				"${PODS_PODFILE_DIR_PATH}/Podfile.lock",
				"${PODS_ROOT}/Manifest.lock",
			);
			name = "[CP] Check Pods Manifest.lock";
			outputFileListPaths = (
			);
			outputPaths = (
				"$(DERIVED_FILE_DIR)/Pods-single-view-demo-checkManifestLockResult.txt",
			);
			runOnlyForDeploymentPostprocessing = 0;
			shellPath = /bin/sh;
			shellScript = "diff \"${PODS_PODFILE_DIR_PATH}/Podfile.lock\" \"${PODS_ROOT}/Manifest.lock\" > /dev/null\nif [ $? != 0 ] ; then\n    # print error to STDERR\n    echo \"error: The sandbox is not in sync with the Podfile.lock. Run 'pod install' or update your CocoaPods installation.\" >&2\n    exit 1\nfi\n# This output is used by Xcode 'outputs' to avoid re-running this script phase.\necho \"SUCCESS\" > \"${SCRIPT_OUTPUT_FILE_0}\"\n";
			showEnvVarsInLog = 0;
		};
		72FCE1D4064EA3B0247D9108 /* [CP] Embed Pods Frameworks */ = {
			isa = PBXShellScriptBuildPhase;
			buildActionMask = 2147483647;
			files = (
			);
			inputFileListPaths = (
				"${PODS_ROOT}/Target Support Files/Pods-single-view-demo/Pods-single-view-demo-frameworks-${CONFIGURATION}-input-files.xcfilelist",
			);
			name = "[CP] Embed Pods Frameworks";
			outputFileListPaths = (
				"${PODS_ROOT}/Target Support Files/Pods-single-view-demo/Pods-single-view-demo-frameworks-${CONFIGURATION}-output-files.xcfilelist",
			);
			runOnlyForDeploymentPostprocessing = 0;
			shellPath = /bin/sh;
			shellScript = "\"${PODS_ROOT}/Target Support Files/Pods-single-view-demo/Pods-single-view-demo-frameworks.sh\"\n";
			showEnvVarsInLog = 0;
		};
/* End PBXShellScriptBuildPhase section */

/* Begin PBXSourcesBuildPhase section */
		6205A6672420DF2D008A502D /* Sources */ = {
			isa = PBXSourcesBuildPhase;
			buildActionMask = 2147483647;
			files = (
				6205A6762420DF2D008A502D /* ViewController.m in Sources */,
				627D361624275D2000B8DCEB /* MovieListViewController.m in Sources */,
				6205A6812420DF2E008A502D /* main.m in Sources */,
				6205A6732420DF2D008A502D /* SceneDelegate.m in Sources */,
				627D3619242788CF00B8DCEB /* MovieTableViewCell.m in Sources */,
				62F6F6E2242295E800B7D820 /* RegisterAccountViewController.m in Sources */,
				5D5B934A1E4CF828C2837C21 /* AppDelegate.m in Sources */,
				5D5B9A7919D89B330B91330E /* ForgetPasswordViewController.m in Sources */,
				5D5B99210521DF24A95C9DBF /* MovieViewModel.m in Sources */,
				5D5B9F4E65B565258082C412 /* Movie.m in Sources */,
			);
			runOnlyForDeploymentPostprocessing = 0;
		};
		6205A6822420DF2F008A502D /* Sources */ = {
			isa = PBXSourcesBuildPhase;
			buildActionMask = 2147483647;
			files = (
				6205A68B2420DF2F008A502D /* single_view_demoTests.m in Sources */,
			);
			runOnlyForDeploymentPostprocessing = 0;
		};
		6205A68D2420DF2F008A502D /* Sources */ = {
			isa = PBXSourcesBuildPhase;
			buildActionMask = 2147483647;
			files = (
				6205A6962420DF2F008A502D /* single_view_demoUITests.m in Sources */,
			);
			runOnlyForDeploymentPostprocessing = 0;
		};
/* End PBXSourcesBuildPhase section */

/* Begin PBXTargetDependency section */
		6205A6882420DF2F008A502D /* PBXTargetDependency */ = {
			isa = PBXTargetDependency;
			target = 6205A66A2420DF2D008A502D /* single-view-demo */;
			targetProxy = 6205A6872420DF2F008A502D /* PBXContainerItemProxy */;
		};
		6205A6932420DF2F008A502D /* PBXTargetDependency */ = {
			isa = PBXTargetDependency;
			target = 6205A66A2420DF2D008A502D /* single-view-demo */;
			targetProxy = 6205A6922420DF2F008A502D /* PBXContainerItemProxy */;
		};
/* End PBXTargetDependency section */

/* Begin PBXVariantGroup section */
		6205A6772420DF2D008A502D /* Main.storyboard */ = {
			isa = PBXVariantGroup;
			children = (
				6205A6782420DF2D008A502D /* Base */,
			);
			name = Main.storyboard;
			sourceTree = "<group>";
		};
		6205A67C2420DF2E008A502D /* LaunchScreen.storyboard */ = {
			isa = PBXVariantGroup;
			children = (
				6205A67D2420DF2E008A502D /* Base */,
			);
			name = LaunchScreen.storyboard;
			sourceTree = "<group>";
		};
/* End PBXVariantGroup section */

/* Begin XCBuildConfiguration section */
		6205A6982420DF2F008A502D /* Debug */ = {
			isa = XCBuildConfiguration;
			buildSettings = {
				ALWAYS_SEARCH_USER_PATHS = NO;
				CLANG_ANALYZER_NONNULL = YES;
				CLANG_ANALYZER_NUMBER_OBJECT_CONVERSION = YES_AGGRESSIVE;
				CLANG_CXX_LANGUAGE_STANDARD = "gnu++14";
				CLANG_CXX_LIBRARY = "libc++";
				CLANG_ENABLE_MODULES = YES;
				CLANG_ENABLE_OBJC_ARC = YES;
				CLANG_ENABLE_OBJC_WEAK = YES;
				CLANG_WARN_BLOCK_CAPTURE_AUTORELEASING = YES;
				CLANG_WARN_BOOL_CONVERSION = YES;
				CLANG_WARN_COMMA = YES;
				CLANG_WARN_CONSTANT_CONVERSION = YES;
				CLANG_WARN_DEPRECATED_OBJC_IMPLEMENTATIONS = YES;
				CLANG_WARN_DIRECT_OBJC_ISA_USAGE = YES_ERROR;
				CLANG_WARN_DOCUMENTATION_COMMENTS = YES;
				CLANG_WARN_EMPTY_BODY = YES;
				CLANG_WARN_ENUM_CONVERSION = YES;
				CLANG_WARN_INFINITE_RECURSION = YES;
				CLANG_WARN_INT_CONVERSION = YES;
				CLANG_WARN_NON_LITERAL_NULL_CONVERSION = YES;
				CLANG_WARN_OBJC_IMPLICIT_RETAIN_SELF = YES;
				CLANG_WARN_OBJC_LITERAL_CONVERSION = YES;
				CLANG_WARN_OBJC_ROOT_CLASS = YES_ERROR;
				CLANG_WARN_RANGE_LOOP_ANALYSIS = YES;
				CLANG_WARN_STRICT_PROTOTYPES = YES;
				CLANG_WARN_SUSPICIOUS_MOVE = YES;
				CLANG_WARN_UNGUARDED_AVAILABILITY = YES_AGGRESSIVE;
				CLANG_WARN_UNREACHABLE_CODE = YES;
				CLANG_WARN__DUPLICATE_METHOD_MATCH = YES;
				COPY_PHASE_STRIP = NO;
				DEBUG_INFORMATION_FORMAT = dwarf;
				ENABLE_STRICT_OBJC_MSGSEND = YES;
				ENABLE_TESTABILITY = YES;
				GCC_C_LANGUAGE_STANDARD = gnu11;
				GCC_DYNAMIC_NO_PIC = NO;
				GCC_NO_COMMON_BLOCKS = YES;
				GCC_OPTIMIZATION_LEVEL = 0;
				GCC_PREPROCESSOR_DEFINITIONS = (
					"DEBUG=1",
					"$(inherited)",
				);
				GCC_WARN_64_TO_32_BIT_CONVERSION = YES;
				GCC_WARN_ABOUT_RETURN_TYPE = YES_ERROR;
				GCC_WARN_UNDECLARED_SELECTOR = YES;
				GCC_WARN_UNINITIALIZED_AUTOS = YES_AGGRESSIVE;
				GCC_WARN_UNUSED_FUNCTION = YES;
				GCC_WARN_UNUSED_VARIABLE = YES;
				IPHONEOS_DEPLOYMENT_TARGET = 13.2;
				MTL_ENABLE_DEBUG_INFO = INCLUDE_SOURCE;
				MTL_FAST_MATH = YES;
				ONLY_ACTIVE_ARCH = YES;
				SDKROOT = iphoneos;
			};
			name = Debug;
		};
		6205A6992420DF2F008A502D /* Release */ = {
			isa = XCBuildConfiguration;
			buildSettings = {
				ALWAYS_SEARCH_USER_PATHS = NO;
				CLANG_ANALYZER_NONNULL = YES;
				CLANG_ANALYZER_NUMBER_OBJECT_CONVERSION = YES_AGGRESSIVE;
				CLANG_CXX_LANGUAGE_STANDARD = "gnu++14";
				CLANG_CXX_LIBRARY = "libc++";
				CLANG_ENABLE_MODULES = YES;
				CLANG_ENABLE_OBJC_ARC = YES;
				CLANG_ENABLE_OBJC_WEAK = YES;
				CLANG_WARN_BLOCK_CAPTURE_AUTORELEASING = YES;
				CLANG_WARN_BOOL_CONVERSION = YES;
				CLANG_WARN_COMMA = YES;
				CLANG_WARN_CONSTANT_CONVERSION = YES;
				CLANG_WARN_DEPRECATED_OBJC_IMPLEMENTATIONS = YES;
				CLANG_WARN_DIRECT_OBJC_ISA_USAGE = YES_ERROR;
				CLANG_WARN_DOCUMENTATION_COMMENTS = YES;
				CLANG_WARN_EMPTY_BODY = YES;
				CLANG_WARN_ENUM_CONVERSION = YES;
				CLANG_WARN_INFINITE_RECURSION = YES;
				CLANG_WARN_INT_CONVERSION = YES;
				CLANG_WARN_NON_LITERAL_NULL_CONVERSION = YES;
				CLANG_WARN_OBJC_IMPLICIT_RETAIN_SELF = YES;
				CLANG_WARN_OBJC_LITERAL_CONVERSION = YES;
				CLANG_WARN_OBJC_ROOT_CLASS = YES_ERROR;
				CLANG_WARN_RANGE_LOOP_ANALYSIS = YES;
				CLANG_WARN_STRICT_PROTOTYPES = YES;
				CLANG_WARN_SUSPICIOUS_MOVE = YES;
				CLANG_WARN_UNGUARDED_AVAILABILITY = YES_AGGRESSIVE;
				CLANG_WARN_UNREACHABLE_CODE = YES;
				CLANG_WARN__DUPLICATE_METHOD_MATCH = YES;
				COPY_PHASE_STRIP = NO;
				DEBUG_INFORMATION_FORMAT = "dwarf-with-dsym";
				ENABLE_NS_ASSERTIONS = NO;
				ENABLE_STRICT_OBJC_MSGSEND = YES;
				GCC_C_LANGUAGE_STANDARD = gnu11;
				GCC_NO_COMMON_BLOCKS = YES;
				GCC_WARN_64_TO_32_BIT_CONVERSION = YES;
				GCC_WARN_ABOUT_RETURN_TYPE = YES_ERROR;
				GCC_WARN_UNDECLARED_SELECTOR = YES;
				GCC_WARN_UNINITIALIZED_AUTOS = YES_AGGRESSIVE;
				GCC_WARN_UNUSED_FUNCTION = YES;
				GCC_WARN_UNUSED_VARIABLE = YES;
				IPHONEOS_DEPLOYMENT_TARGET = 13.2;
				MTL_ENABLE_DEBUG_INFO = NO;
				MTL_FAST_MATH = YES;
				SDKROOT = iphoneos;
				VALIDATE_PRODUCT = YES;
			};
			name = Release;
		};
		6205A69B2420DF2F008A502D /* Debug */ = {
			isa = XCBuildConfiguration;
			baseConfigurationReference = E7A0B805735D8F80457CD071 /* Pods-single-view-demo.debug.xcconfig */;
			buildSettings = {
				ASSETCATALOG_COMPILER_APPICON_NAME = AppIcon;
				CODE_SIGN_STYLE = Automatic;
				DEVELOPMENT_TEAM = 5GRTBZ7Q8U;
				INFOPLIST_FILE = "single-view-demo/Info.plist";
				IPHONEOS_DEPLOYMENT_TARGET = 13.2;
				LD_RUNPATH_SEARCH_PATHS = (
					"$(inherited)",
					"@executable_path/Frameworks",
				);
				PRODUCT_BUNDLE_IDENTIFIER = "com.muyun.single-view-demo";
				PRODUCT_NAME = "$(TARGET_NAME)";
				TARGETED_DEVICE_FAMILY = "1,2";
			};
			name = Debug;
		};
		6205A69C2420DF2F008A502D /* Release */ = {
			isa = XCBuildConfiguration;
			baseConfigurationReference = 3596D09C1704D7405B57394A /* Pods-single-view-demo.release.xcconfig */;
			buildSettings = {
				ASSETCATALOG_COMPILER_APPICON_NAME = AppIcon;
				CODE_SIGN_STYLE = Automatic;
				DEVELOPMENT_TEAM = 5GRTBZ7Q8U;
				INFOPLIST_FILE = "single-view-demo/Info.plist";
				IPHONEOS_DEPLOYMENT_TARGET = 13.2;
				LD_RUNPATH_SEARCH_PATHS = (
					"$(inherited)",
					"@executable_path/Frameworks",
				);
				PRODUCT_BUNDLE_IDENTIFIER = "com.muyun.single-view-demo";
				PRODUCT_NAME = "$(TARGET_NAME)";
				TARGETED_DEVICE_FAMILY = "1,2";
			};
			name = Release;
		};
		6205A69E2420DF2F008A502D /* Debug */ = {
			isa = XCBuildConfiguration;
			baseConfigurationReference = 9E326BEF731810C913CC5BEB /* Pods-single-view-demoTests.debug.xcconfig */;
			buildSettings = {
				BUNDLE_LOADER = "$(TEST_HOST)";
				CODE_SIGN_STYLE = Automatic;
				INFOPLIST_FILE = "single-view-demoTests/Info.plist";
				IPHONEOS_DEPLOYMENT_TARGET = 13.2;
				LD_RUNPATH_SEARCH_PATHS = (
					"$(inherited)",
					"@executable_path/Frameworks",
					"@loader_path/Frameworks",
				);
				PRODUCT_BUNDLE_IDENTIFIER = "com.muyun.single-view-demoTests";
				PRODUCT_NAME = "$(TARGET_NAME)";
				TARGETED_DEVICE_FAMILY = "1,2";
				TEST_HOST = "$(BUILT_PRODUCTS_DIR)/single-view-demo.app/single-view-demo";
			};
			name = Debug;
		};
		6205A69F2420DF2F008A502D /* Release */ = {
			isa = XCBuildConfiguration;
			baseConfigurationReference = E42E3434DEA6CF6526347CA7 /* Pods-single-view-demoTests.release.xcconfig */;
			buildSettings = {
				BUNDLE_LOADER = "$(TEST_HOST)";
				CODE_SIGN_STYLE = Automatic;
				INFOPLIST_FILE = "single-view-demoTests/Info.plist";
				IPHONEOS_DEPLOYMENT_TARGET = 13.2;
				LD_RUNPATH_SEARCH_PATHS = (
					"$(inherited)",
					"@executable_path/Frameworks",
					"@loader_path/Frameworks",
				);
				PRODUCT_BUNDLE_IDENTIFIER = "com.muyun.single-view-demoTests";
				PRODUCT_NAME = "$(TARGET_NAME)";
				TARGETED_DEVICE_FAMILY = "1,2";
				TEST_HOST = "$(BUILT_PRODUCTS_DIR)/single-view-demo.app/single-view-demo";
			};
			name = Release;
		};
		6205A6A12420DF2F008A502D /* Debug */ = {
			isa = XCBuildConfiguration;
			baseConfigurationReference = 324E6695D5D3EEB5274F0CBD /* Pods-single-view-demo-single-view-demoUITests.debug.xcconfig */;
			buildSettings = {
				CODE_SIGN_STYLE = Automatic;
				INFOPLIST_FILE = "single-view-demoUITests/Info.plist";
				LD_RUNPATH_SEARCH_PATHS = (
					"$(inherited)",
					"@executable_path/Frameworks",
					"@loader_path/Frameworks",
				);
				PRODUCT_BUNDLE_IDENTIFIER = "com.muyun.single-view-demoUITests";
				PRODUCT_NAME = "$(TARGET_NAME)";
				TARGETED_DEVICE_FAMILY = "1,2";
				TEST_TARGET_NAME = "single-view-demo";
			};
			name = Debug;
		};
		6205A6A22420DF2F008A502D /* Release */ = {
			isa = XCBuildConfiguration;
			baseConfigurationReference = 7426F085654F46C4FF3464EA /* Pods-single-view-demo-single-view-demoUITests.release.xcconfig */;
			buildSettings = {
				CODE_SIGN_STYLE = Automatic;
				INFOPLIST_FILE = "single-view-demoUITests/Info.plist";
				LD_RUNPATH_SEARCH_PATHS = (
					"$(inherited)",
					"@executable_path/Frameworks",
					"@loader_path/Frameworks",
				);
				PRODUCT_BUNDLE_IDENTIFIER = "com.muyun.single-view-demoUITests";
				PRODUCT_NAME = "$(TARGET_NAME)";
				TARGETED_DEVICE_FAMILY = "1,2";
				TEST_TARGET_NAME = "single-view-demo";
			};
			name = Release;
		};
/* End XCBuildConfiguration section */

/* Begin XCConfigurationList section */
		6205A6662420DF2D008A502D /* Build configuration list for PBXProject "single-view-demo" */ = {
			isa = XCConfigurationList;
			buildConfigurations = (
				6205A6982420DF2F008A502D /* Debug */,
				6205A6992420DF2F008A502D /* Release */,
			);
			defaultConfigurationIsVisible = 0;
			defaultConfigurationName = Release;
		};
		6205A69A2420DF2F008A502D /* Build configuration list for PBXNativeTarget "single-view-demo" */ = {
			isa = XCConfigurationList;
			buildConfigurations = (
				6205A69B2420DF2F008A502D /* Debug */,
				6205A69C2420DF2F008A502D /* Release */,
			);
			defaultConfigurationIsVisible = 0;
			defaultConfigurationName = Release;
		};
		6205A69D2420DF2F008A502D /* Build configuration list for PBXNativeTarget "single-view-demoTests" */ = {
			isa = XCConfigurationList;
			buildConfigurations = (
				6205A69E2420DF2F008A502D /* Debug */,
				6205A69F2420DF2F008A502D /* Release */,
			);
			defaultConfigurationIsVisible = 0;
			defaultConfigurationName = Release;
		};
		6205A6A02420DF2F008A502D /* Build configuration list for PBXNativeTarget "single-view-demoUITests" */ = {
			isa = XCConfigurationList;
			buildConfigurations = (
				6205A6A12420DF2F008A502D /* Debug */,
				6205A6A22420DF2F008A502D /* Release */,
			);
			defaultConfigurationIsVisible = 0;
			defaultConfigurationName = Release;
		};
/* End XCConfigurationList section */
	};
	rootObject = 6205A6632420DF2D008A502D /* Project object */;
}
